PODS:
  - NLibrary (0.1.0)

DEPENDENCIES:
  - NLibrary (from `https://github.com/NathanDVT/NLibrary.git`, branch `development`)

EXTERNAL SOURCES:
  NLibrary:
    :branch: development
    :git: https://github.com/NathanDVT/NLibrary.git

CHECKOUT OPTIONS:
  NLibrary:
    :commit: ad9c655e3e25a71059964954a95b39a6b7b2c637
    :git: https://github.com/NathanDVT/NLibrary.git

SPEC CHECKSUMS:
  NLibrary: ec2ddce5738362f9b660f27b78723df7e5fe7766

PODFILE CHECKSUM: bfd1505b191b4c4647c57bb730feba7f141ef82f

COCOAPODS: 1.8.4
