// !$*UTF8*$!
{
	archiveVersion = 1;
	classes = {
	};
	objectVersion = 50;
	objects = {

/* Begin PBXBuildFile section */
		417C626923E9A9B100CADC7E /* AppDelegate.swift in Sources */ = {isa = PBXBuildFile; fileRef = 417C626823E9A9B100CADC7E /* AppDelegate.swift */; };
		417C626B23E9A9B100CADC7E /* SceneDelegate.swift in Sources */ = {isa = PBXBuildFile; fileRef = 417C626A23E9A9B100CADC7E /* SceneDelegate.swift */; };
		417C626D23E9A9B100CADC7E /* ViewController.swift in Sources */ = {isa = PBXBuildFile; fileRef = 417C626C23E9A9B100CADC7E /* ViewController.swift */; };
		417C627023E9A9B100CADC7E /* Main.storyboard in Resources */ = {isa = PBXBuildFile; fileRef = 417C626E23E9A9B100CADC7E /* Main.storyboard */; };
		417C627223E9A9B100CADC7E /* Assets.xcassets in Resources */ = {isa = PBXBuildFile; fileRef = 417C627123E9A9B100CADC7E /* Assets.xcassets */; };
		417C627523E9A9B100CADC7E /* LaunchScreen.storyboard in Resources */ = {isa = PBXBuildFile; fileRef = 417C627323E9A9B100CADC7E /* LaunchScreen.storyboard */; };
		417C628023E9A9B100CADC7E /* realworkTests.swift in Sources */ = {isa = PBXBuildFile; fileRef = 417C627F23E9A9B100CADC7E /* realworkTests.swift */; };
		417C628B23EC10BF00CADC7E /* DesignableView.swift in Sources */ = {isa = PBXBuildFile; fileRef = 417C628A23EC10BF00CADC7E /* DesignableView.swift */; };
		417C628F23F1434A00CADC7E /* UIViewController+Extensions.swift in Sources */ = {isa = PBXBuildFile; fileRef = 417C628E23F1434A00CADC7E /* UIViewController+Extensions.swift */; };
/* End PBXBuildFile section */

/* Begin PBXContainerItemProxy section */
		417C627C23E9A9B100CADC7E /* PBXContainerItemProxy */ = {
			isa = PBXContainerItemProxy;
			containerPortal = 417C625D23E9A9B100CADC7E /* Project object */;
			proxyType = 1;
			remoteGlobalIDString = 417C626423E9A9B100CADC7E;
			remoteInfo = realwork;
		};
/* End PBXContainerItemProxy section */

/* Begin PBXFileReference section */
		417C626523E9A9B100CADC7E /* realwork.app */ = {isa = PBXFileReference; explicitFileType = wrapper.application; includeInIndex = 0; path = realwork.app; sourceTree = BUILT_PRODUCTS_DIR; };
		417C626823E9A9B100CADC7E /* AppDelegate.swift */ = {isa = PBXFileReference; lastKnownFileType = sourcecode.swift; path = AppDelegate.swift; sourceTree = "<group>"; };
		417C626A23E9A9B100CADC7E /* SceneDelegate.swift */ = {isa = PBXFileReference; lastKnownFileType = sourcecode.swift; path = SceneDelegate.swift; sourceTree = "<group>"; };
		417C626C23E9A9B100CADC7E /* ViewController.swift */ = {isa = PBXFileReference; lastKnownFileType = sourcecode.swift; path = ViewController.swift; sourceTree = "<group>"; };
		417C626F23E9A9B100CADC7E /* Base */ = {isa = PBXFileReference; lastKnownFileType = file.storyboard; name = Base; path = Base.lproj/Main.storyboard; sourceTree = "<group>"; };
		417C627123E9A9B100CADC7E /* Assets.xcassets */ = {isa = PBXFileReference; lastKnownFileType = folder.assetcatalog; path = Assets.xcassets; sourceTree = "<group>"; };
		417C627423E9A9B100CADC7E /* Base */ = {isa = PBXFileReference; lastKnownFileType = file.storyboard; name = Base; path = Base.lproj/LaunchScreen.storyboard; sourceTree = "<group>"; };
		417C627623E9A9B100CADC7E /* Info.plist */ = {isa = PBXFileReference; lastKnownFileType = text.plist.xml; path = Info.plist; sourceTree = "<group>"; };
		417C627B23E9A9B100CADC7E /* realworkTests.xctest */ = {isa = PBXFileReference; explicitFileType = wrapper.cfbundle; includeInIndex = 0; path = realworkTests.xctest; sourceTree = BUILT_PRODUCTS_DIR; };
		417C627F23E9A9B100CADC7E /* realworkTests.swift */ = {isa = PBXFileReference; lastKnownFileType = sourcecode.swift; path = realworkTests.swift; sourceTree = "<group>"; };
		417C628123E9A9B100CADC7E /* Info.plist */ = {isa = PBXFileReference; lastKnownFileType = text.plist.xml; path = Info.plist; sourceTree = "<group>"; };
		417C628A23EC10BF00CADC7E /* DesignableView.swift */ = {isa = PBXFileReference; lastKnownFileType = sourcecode.swift; path = DesignableView.swift; sourceTree = "<group>"; };
		417C628C23F142A000CADC7E /* realwork */ = {isa = PBXFileReference; lastKnownFileType = folder; path = realwork; sourceTree = "<group>"; };
		417C628E23F1434A00CADC7E /* UIViewController+Extensions.swift */ = {isa = PBXFileReference; lastKnownFileType = sourcecode.swift; path = "UIViewController+Extensions.swift"; sourceTree = "<group>"; };
/* End PBXFileReference section */

/* Begin PBXFrameworksBuildPhase section */
		417C626223E9A9B100CADC7E /* Frameworks */ = {
			isa = PBXFrameworksBuildPhase;
			buildActionMask = 2147483647;
			files = (
			);
			runOnlyForDeploymentPostprocessing = 0;
		};
		417C627823E9A9B100CADC7E /* Frameworks */ = {
			isa = PBXFrameworksBuildPhase;
			buildActionMask = 2147483647;
			files = (
			);
			runOnlyForDeploymentPostprocessing = 0;
		};
/* End PBXFrameworksBuildPhase section */

/* Begin PBXGroup section */
		417C625C23E9A9B100CADC7E = {
			isa = PBXGroup;
			children = (
				417C626723E9A9B100CADC7E /* realwork */,
				417C627E23E9A9B100CADC7E /* realworkTests */,
				417C626623E9A9B100CADC7E /* Products */,
			);
			sourceTree = "<group>";
		};
		417C626623E9A9B100CADC7E /* Products */ = {
			isa = PBXGroup;
			children = (
				417C626523E9A9B100CADC7E /* realwork.app */,
				417C627B23E9A9B100CADC7E /* realworkTests.xctest */,
			);
			name = Products;
			sourceTree = "<group>";
		};
		417C626723E9A9B100CADC7E /* realwork */ = {
			isa = PBXGroup;
			children = (
				417C626823E9A9B100CADC7E /* AppDelegate.swift */,
				417C626A23E9A9B100CADC7E /* SceneDelegate.swift */,
				417C626C23E9A9B100CADC7E /* ViewController.swift */,
				417C626E23E9A9B100CADC7E /* Main.storyboard */,
				417C627123E9A9B100CADC7E /* Assets.xcassets */,
				417C628C23F142A000CADC7E /* realwork */,
				417C627323E9A9B100CADC7E /* LaunchScreen.storyboard */,
				417C627623E9A9B100CADC7E /* Info.plist */,
				417C628A23EC10BF00CADC7E /* DesignableView.swift */,
				417C628E23F1434A00CADC7E /* UIViewController+Extensions.swift */,
			);
			path = realwork;
			sourceTree = "<group>";
		};
		417C627E23E9A9B100CADC7E /* realworkTests */ = {
			isa = PBXGroup;
			children = (
				417C627F23E9A9B100CADC7E /* realworkTests.swift */,
				417C628123E9A9B100CADC7E /* Info.plist */,
			);
			path = realworkTests;
			sourceTree = "<group>";
		};
/* End PBXGroup section */

/* Begin PBXNativeTarget section */
		417C626423E9A9B100CADC7E /* realwork */ = {
			isa = PBXNativeTarget;
			buildConfigurationList = 417C628423E9A9B100CADC7E /* Build configuration list for PBXNativeTarget "realwork" */;
			buildPhases = (
				417C626123E9A9B100CADC7E /* Sources */,
				417C626223E9A9B100CADC7E /* Frameworks */,
				417C626323E9A9B100CADC7E /* Resources */,
				417C62E023F3D57300CADC7E /* ShellScript */,
			);
			buildRules = (
			);
			dependencies = (
			);
			name = realwork;
			productName = realwork;
			productReference = 417C626523E9A9B100CADC7E /* realwork.app */;
			productType = "com.apple.product-type.application";
		};
		417C627A23E9A9B100CADC7E /* realworkTests */ = {
			isa = PBXNativeTarget;
			buildConfigurationList = 417C628723E9A9B100CADC7E /* Build configuration list for PBXNativeTarget "realworkTests" */;
			buildPhases = (
				417C627723E9A9B100CADC7E /* Sources */,
				417C627823E9A9B100CADC7E /* Frameworks */,
				417C627923E9A9B100CADC7E /* Resources */,
			);
			buildRules = (
			);
			dependencies = (
				417C627D23E9A9B100CADC7E /* PBXTargetDependency */,
			);
			name = realworkTests;
			productName = realworkTests;
			productReference = 417C627B23E9A9B100CADC7E /* realworkTests.xctest */;
			productType = "com.apple.product-type.bundle.unit-test";
		};
/* End PBXNativeTarget section */

/* Begin PBXProject section */
		417C625D23E9A9B100CADC7E /* Project object */ = {
			isa = PBXProject;
			attributes = {
				LastSwiftUpdateCheck = 1130;
				LastUpgradeCheck = 1130;
				ORGANIZATIONNAME = "Nathan Ngobale";
				TargetAttributes = {
					417C626423E9A9B100CADC7E = {
						CreatedOnToolsVersion = 11.3.1;
					};
					417C627A23E9A9B100CADC7E = {
						CreatedOnToolsVersion = 11.3.1;
						TestTargetID = 417C626423E9A9B100CADC7E;
					};
				};
			};
			buildConfigurationList = 417C626023E9A9B100CADC7E /* Build configuration list for PBXProject "realwork" */;
			compatibilityVersion = "Xcode 9.3";
			developmentRegion = en;
			hasScannedForEncodings = 0;
			knownRegions = (
				en,
				Base,
			);
			mainGroup = 417C625C23E9A9B100CADC7E;
			productRefGroup = 417C626623E9A9B100CADC7E /* Products */;
			projectDirPath = "";
			projectRoot = "";
			targets = (
				417C626423E9A9B100CADC7E /* realwork */,
				417C627A23E9A9B100CADC7E /* realworkTests */,
			);
		};
/* End PBXProject section */

/* Begin PBXResourcesBuildPhase section */
		417C626323E9A9B100CADC7E /* Resources */ = {
			isa = PBXResourcesBuildPhase;
			buildActionMask = 2147483647;
			files = (
				417C627523E9A9B100CADC7E /* LaunchScreen.storyboard in Resources */,
				417C627223E9A9B100CADC7E /* Assets.xcassets in Resources */,
				417C627023E9A9B100CADC7E /* Main.storyboard in Resources */,
			);
			runOnlyForDeploymentPostprocessing = 0;
		};
		417C627923E9A9B100CADC7E /* Resources */ = {
			isa = PBXResourcesBuildPhase;
			buildActionMask = 2147483647;
			files = (
			);
			runOnlyForDeploymentPostprocessing = 0;
		};
/* End PBXResourcesBuildPhase section */

/* Begin PBXShellScriptBuildPhase section */
		417C62E023F3D57300CADC7E /* ShellScript */ = {
			isa = PBXShellScriptBuildPhase;
			buildActionMask = 2147483647;
			files = (
			);
			inputFileListPaths = (
			);
			inputPaths = (
			);
			outputFileListPaths = (
			);
			outputPaths = (
			);
			runOnlyForDeploymentPostprocessing = 0;
			shellPath = /bin/sh;
			shellScript = "# Type a script or drag a script file from your workspace to insert its path.\nif which swiftlint >/dev/null; then\n  swiftlint\nelse\n  echo \"warning: SwiftLint not installed, download from https://github.com/realm/SwiftLint\"\nfi\n";
		};
/* End PBXShellScriptBuildPhase section */

/* Begin PBXSourcesBuildPhase section */
		417C626123E9A9B100CADC7E /* Sources */ = {
			isa = PBXSourcesBuildPhase;
			buildActionMask = 2147483647;
			files = (
				417C628B23EC10BF00CADC7E /* DesignableView.swift in Sources */,
				417C626D23E9A9B100CADC7E /* ViewController.swift in Sources */,
				417C628F23F1434A00CADC7E /* UIViewController+Extensions.swift in Sources */,
				417C626923E9A9B100CADC7E /* AppDelegate.swift in Sources */,
				417C626B23E9A9B100CADC7E /* SceneDelegate.swift in Sources */,
			);
			runOnlyForDeploymentPostprocessing = 0;
		};
		417C627723E9A9B100CADC7E /* Sources */ = {
			isa = PBXSourcesBuildPhase;
			buildActionMask = 2147483647;
			files = (
				417C628023E9A9B100CADC7E /* realworkTests.swift in Sources */,
			);
			runOnlyForDeploymentPostprocessing = 0;
		};
/* End PBXSourcesBuildPhase section */

/* Begin PBXTargetDependency section */
		417C627D23E9A9B100CADC7E /* PBXTargetDependency */ = {
			isa = PBXTargetDependency;
			target = 417C626423E9A9B100CADC7E /* realwork */;
			targetProxy = 417C627C23E9A9B100CADC7E /* PBXContainerItemProxy */;
		};
/* End PBXTargetDependency section */

/* Begin PBXVariantGroup section */
		417C626E23E9A9B100CADC7E /* Main.storyboard */ = {
			isa = PBXVariantGroup;
			children = (
				417C626F23E9A9B100CADC7E /* Base */,
			);
			name = Main.storyboard;
			sourceTree = "<group>";
		};
		417C627323E9A9B100CADC7E /* LaunchScreen.storyboard */ = {
			isa = PBXVariantGroup;
			children = (
				417C627423E9A9B100CADC7E /* Base */,
			);
			name = LaunchScreen.storyboard;
			sourceTree = "<group>";
		};
/* End PBXVariantGroup section */

/* Begin XCBuildConfiguration section */
		417C628223E9A9B100CADC7E /* Debug */ = {
			isa = XCBuildConfiguration;
			buildSettings = {
				ALWAYS_SEARCH_USER_PATHS = NO;
				CLANG_ANALYZER_NONNULL = YES;
				CLANG_ANALYZER_NUMBER_OBJECT_CONVERSION = YES_AGGRESSIVE;
				CLANG_CXX_LANGUAGE_STANDARD = "gnu++14";
				CLANG_CXX_LIBRARY = "libc++";
				CLANG_ENABLE_MODULES = YES;
				CLANG_ENABLE_OBJC_ARC = YES;
				CLANG_ENABLE_OBJC_WEAK = YES;
				CLANG_WARN_BLOCK_CAPTURE_AUTORELEASING = YES;
				CLANG_WARN_BOOL_CONVERSION = YES;
				CLANG_WARN_COMMA = YES;
				CLANG_WARN_CONSTANT_CONVERSION = YES;
				CLANG_WARN_DEPRECATED_OBJC_IMPLEMENTATIONS = YES;
				CLANG_WARN_DIRECT_OBJC_ISA_USAGE = YES_ERROR;
				CLANG_WARN_DOCUMENTATION_COMMENTS = YES;
				CLANG_WARN_EMPTY_BODY = YES;
				CLANG_WARN_ENUM_CONVERSION = YES;
				CLANG_WARN_INFINITE_RECURSION = YES;
				CLANG_WARN_INT_CONVERSION = YES;
				CLANG_WARN_NON_LITERAL_NULL_CONVERSION = YES;
				CLANG_WARN_OBJC_IMPLICIT_RETAIN_SELF = YES;
				CLANG_WARN_OBJC_LITERAL_CONVERSION = YES;
				CLANG_WARN_OBJC_ROOT_CLASS = YES_ERROR;
				CLANG_WARN_RANGE_LOOP_ANALYSIS = YES;
				CLANG_WARN_STRICT_PROTOTYPES = YES;
				CLANG_WARN_SUSPICIOUS_MOVE = YES;
				CLANG_WARN_UNGUARDED_AVAILABILITY = YES_AGGRESSIVE;
				CLANG_WARN_UNREACHABLE_CODE = YES;
				CLANG_WARN__DUPLICATE_METHOD_MATCH = YES;
				COPY_PHASE_STRIP = NO;
				DEBUG_INFORMATION_FORMAT = dwarf;
				ENABLE_STRICT_OBJC_MSGSEND = YES;
				ENABLE_TESTABILITY = YES;
				GCC_C_LANGUAGE_STANDARD = gnu11;
				GCC_DYNAMIC_NO_PIC = NO;
				GCC_NO_COMMON_BLOCKS = YES;
				GCC_OPTIMIZATION_LEVEL = 0;
				GCC_PREPROCESSOR_DEFINITIONS = (
					"DEBUG=1",
					"$(inherited)",
				);
				GCC_WARN_64_TO_32_BIT_CONVERSION = YES;
				GCC_WARN_ABOUT_RETURN_TYPE = YES_ERROR;
				GCC_WARN_UNDECLARED_SELECTOR = YES;
				GCC_WARN_UNINITIALIZED_AUTOS = YES_AGGRESSIVE;
				GCC_WARN_UNUSED_FUNCTION = YES;
				GCC_WARN_UNUSED_VARIABLE = YES;
				IPHONEOS_DEPLOYMENT_TARGET = 13.2;
				MTL_ENABLE_DEBUG_INFO = INCLUDE_SOURCE;
				MTL_FAST_MATH = YES;
				ONLY_ACTIVE_ARCH = YES;
				SDKROOT = iphoneos;
				SWIFT_ACTIVE_COMPILATION_CONDITIONS = DEBUG;
				SWIFT_OPTIMIZATION_LEVEL = "-Onone";
			};
			name = Debug;
		};
		417C628323E9A9B100CADC7E /* Release */ = {
			isa = XCBuildConfiguration;
			buildSettings = {
				ALWAYS_SEARCH_USER_PATHS = NO;
				CLANG_ANALYZER_NONNULL = YES;
				CLANG_ANALYZER_NUMBER_OBJECT_CONVERSION = YES_AGGRESSIVE;
				CLANG_CXX_LANGUAGE_STANDARD = "gnu++14";
				CLANG_CXX_LIBRARY = "libc++";
				CLANG_ENABLE_MODULES = YES;
				CLANG_ENABLE_OBJC_ARC = YES;
				CLANG_ENABLE_OBJC_WEAK = YES;
				CLANG_WARN_BLOCK_CAPTURE_AUTORELEASING = YES;
				CLANG_WARN_BOOL_CONVERSION = YES;
				CLANG_WARN_COMMA = YES;
				CLANG_WARN_CONSTANT_CONVERSION = YES;
				CLANG_WARN_DEPRECATED_OBJC_IMPLEMENTATIONS = YES;
				CLANG_WARN_DIRECT_OBJC_ISA_USAGE = YES_ERROR;
				CLANG_WARN_DOCUMENTATION_COMMENTS = YES;
				CLANG_WARN_EMPTY_BODY = YES;
				CLANG_WARN_ENUM_CONVERSION = YES;
				CLANG_WARN_INFINITE_RECURSION = YES;
				CLANG_WARN_INT_CONVERSION = YES;
				CLANG_WARN_NON_LITERAL_NULL_CONVERSION = YES;
				CLANG_WARN_OBJC_IMPLICIT_RETAIN_SELF = YES;
				CLANG_WARN_OBJC_LITERAL_CONVERSION = YES;
				CLANG_WARN_OBJC_ROOT_CLASS = YES_ERROR;
				CLANG_WARN_RANGE_LOOP_ANALYSIS = YES;
				CLANG_WARN_STRICT_PROTOTYPES = YES;
				CLANG_WARN_SUSPICIOUS_MOVE = YES;
				CLANG_WARN_UNGUARDED_AVAILABILITY = YES_AGGRESSIVE;
				CLANG_WARN_UNREACHABLE_CODE = YES;
				CLANG_WARN__DUPLICATE_METHOD_MATCH = YES;
				COPY_PHASE_STRIP = NO;
				DEBUG_INFORMATION_FORMAT = "dwarf-with-dsym";
				ENABLE_NS_ASSERTIONS = NO;
				ENABLE_STRICT_OBJC_MSGSEND = YES;
				GCC_C_LANGUAGE_STANDARD = gnu11;
				GCC_NO_COMMON_BLOCKS = YES;
				GCC_WARN_64_TO_32_BIT_CONVERSION = YES;
				GCC_WARN_ABOUT_RETURN_TYPE = YES_ERROR;
				GCC_WARN_UNDECLARED_SELECTOR = YES;
				GCC_WARN_UNINITIALIZED_AUTOS = YES_AGGRESSIVE;
				GCC_WARN_UNUSED_FUNCTION = YES;
				GCC_WARN_UNUSED_VARIABLE = YES;
				IPHONEOS_DEPLOYMENT_TARGET = 13.2;
				MTL_ENABLE_DEBUG_INFO = NO;
				MTL_FAST_MATH = YES;
				SDKROOT = iphoneos;
				SWIFT_COMPILATION_MODE = wholemodule;
				SWIFT_OPTIMIZATION_LEVEL = "-O";
				VALIDATE_PRODUCT = YES;
			};
			name = Release;
		};
		417C628523E9A9B100CADC7E /* Debug */ = {
			isa = XCBuildConfiguration;
			buildSettings = {
				ASSETCATALOG_COMPILER_APPICON_NAME = AppIcon;
				CODE_SIGN_STYLE = Automatic;
				INFOPLIST_FILE = realwork/Info.plist;
				LD_RUNPATH_SEARCH_PATHS = (
					"$(inherited)",
					"@executable_path/Frameworks",
				);
				PRODUCT_BUNDLE_IDENTIFIER = za.co.dvt.jhb.realwork;
				PRODUCT_NAME = "$(TARGET_NAME)";
				SWIFT_VERSION = 5.0;
				TARGETED_DEVICE_FAMILY = "1,2";
			};
			name = Debug;
		};
		417C628623E9A9B100CADC7E /* Release */ = {
			isa = XCBuildConfiguration;
			buildSettings = {
				ASSETCATALOG_COMPILER_APPICON_NAME = AppIcon;
				CODE_SIGN_STYLE = Automatic;
				INFOPLIST_FILE = realwork/Info.plist;
				LD_RUNPATH_SEARCH_PATHS = (
					"$(inherited)",
					"@executable_path/Frameworks",
				);
				PRODUCT_BUNDLE_IDENTIFIER = za.co.dvt.jhb.realwork;
				PRODUCT_NAME = "$(TARGET_NAME)";
				SWIFT_VERSION = 5.0;
				TARGETED_DEVICE_FAMILY = "1,2";
			};
			name = Release;
		};
		417C628823E9A9B100CADC7E /* Debug */ = {
			isa = XCBuildConfiguration;
			buildSettings = {
				ALWAYS_EMBED_SWIFT_STANDARD_LIBRARIES = YES;
				BUNDLE_LOADER = "$(TEST_HOST)";
				CODE_SIGN_STYLE = Automatic;
				INFOPLIST_FILE = realworkTests/Info.plist;
				IPHONEOS_DEPLOYMENT_TARGET = 13.2;
				LD_RUNPATH_SEARCH_PATHS = (
					"$(inherited)",
					"@executable_path/Frameworks",
					"@loader_path/Frameworks",
				);
				PRODUCT_BUNDLE_IDENTIFIER = za.co.dvt.jhb.realworkTests;
				PRODUCT_NAME = "$(TARGET_NAME)";
				SWIFT_VERSION = 5.0;
				TARGETED_DEVICE_FAMILY = "1,2";
				TEST_HOST = "$(BUILT_PRODUCTS_DIR)/realwork.app/realwork";
			};
			name = Debug;
		};
		417C628923E9A9B100CADC7E /* Release */ = {
			isa = XCBuildConfiguration;
			buildSettings = {
				ALWAYS_EMBED_SWIFT_STANDARD_LIBRARIES = YES;
				BUNDLE_LOADER = "$(TEST_HOST)";
				CODE_SIGN_STYLE = Automatic;
				INFOPLIST_FILE = realworkTests/Info.plist;
				IPHONEOS_DEPLOYMENT_TARGET = 13.2;
				LD_RUNPATH_SEARCH_PATHS = (
					"$(inherited)",
					"@executable_path/Frameworks",
					"@loader_path/Frameworks",
				);
				PRODUCT_BUNDLE_IDENTIFIER = za.co.dvt.jhb.realworkTests;
				PRODUCT_NAME = "$(TARGET_NAME)";
				SWIFT_VERSION = 5.0;
				TARGETED_DEVICE_FAMILY = "1,2";
				TEST_HOST = "$(BUILT_PRODUCTS_DIR)/realwork.app/realwork";
			};
			name = Release;
		};
/* End XCBuildConfiguration section */

/* Begin XCConfigurationList section */
		417C626023E9A9B100CADC7E /* Build configuration list for PBXProject "realwork" */ = {
			isa = XCConfigurationList;
			buildConfigurations = (
				417C628223E9A9B100CADC7E /* Debug */,
				417C628323E9A9B100CADC7E /* Release */,
			);
			defaultConfigurationIsVisible = 0;
			defaultConfigurationName = Release;
		};
		417C628423E9A9B100CADC7E /* Build configuration list for PBXNativeTarget "realwork" */ = {
			isa = XCConfigurationList;
			buildConfigurations = (
				417C628523E9A9B100CADC7E /* Debug */,
				417C628623E9A9B100CADC7E /* Release */,
			);
			defaultConfigurationIsVisible = 0;
			defaultConfigurationName = Release;
		};
		417C628723E9A9B100CADC7E /* Build configuration list for PBXNativeTarget "realworkTests" */ = {
			isa = XCConfigurationList;
			buildConfigurations = (
				417C628823E9A9B100CADC7E /* Debug */,
				417C628923E9A9B100CADC7E /* Release */,
			);
			defaultConfigurationIsVisible = 0;
			defaultConfigurationName = Release;
		};
/* End XCConfigurationList section */
	};
	rootObject = 417C625D23E9A9B100CADC7E /* Project object */;
}
