// !$*UTF8*$!
{
	archiveVersion = 1;
	classes = {
	};
	objectVersion = 51;
	objects = {

/* Begin PBXBuildFile section */
		417C626923E9A9B100CADC7E /* AppDelegate.swift in Sources */ = {isa = PBXBuildFile; fileRef = 417C626823E9A9B100CADC7E /* AppDelegate.swift */; };
		417C626B23E9A9B100CADC7E /* SceneDelegate.swift in Sources */ = {isa = PBXBuildFile; fileRef = 417C626A23E9A9B100CADC7E /* SceneDelegate.swift */; };
		417C626D23E9A9B100CADC7E /* ViewController.swift in Sources */ = {isa = PBXBuildFile; fileRef = 417C626C23E9A9B100CADC7E /* ViewController.swift */; };
		417C627023E9A9B100CADC7E /* Main.storyboard in Resources */ = {isa = PBXBuildFile; fileRef = 417C626E23E9A9B100CADC7E /* Main.storyboard */; };
		417C627223E9A9B100CADC7E /* Assets.xcassets in Resources */ = {isa = PBXBuildFile; fileRef = 417C627123E9A9B100CADC7E /* Assets.xcassets */; };
		417C627523E9A9B100CADC7E /* LaunchScreen.storyboard in Resources */ = {isa = PBXBuildFile; fileRef = 417C627323E9A9B100CADC7E /* LaunchScreen.storyboard */; };
		417C628023E9A9B100CADC7E /* realworkTests.swift in Sources */ = {isa = PBXBuildFile; fileRef = 417C627F23E9A9B100CADC7E /* realworkTests.swift */; };
		417C628B23EC10BF00CADC7E /* DesignableView.swift in Sources */ = {isa = PBXBuildFile; fileRef = 417C628A23EC10BF00CADC7E /* DesignableView.swift */; };
		417C628F23F1434A00CADC7E /* UIViewController+Extensions.swift in Sources */ = {isa = PBXBuildFile; fileRef = 417C628E23F1434A00CADC7E /* UIViewController+Extensions.swift */; };
		41901A5323FE6CE200938CD4 /* TableCell.swift in Sources */ = {isa = PBXBuildFile; fileRef = 41901A5223FE6CE200938CD4 /* TableCell.swift */; };
		41AFDBB324127E0A006393AE /* ArtistMediaRepoTest.swift in Sources */ = {isa = PBXBuildFile; fileRef = 41AFDBB224127E0A006393AE /* ArtistMediaRepoTest.swift */; };
		41B49C96241D52D300A3E1F3 /* repoResponse1.json in Resources */ = {isa = PBXBuildFile; fileRef = 41B49C95241D52D300A3E1F3 /* repoResponse1.json */; };
		41CC20E123FD184100FDC65A /* ArtistMediaTableViewController.swift in Sources */ = {isa = PBXBuildFile; fileRef = 41CC20E023FD184100FDC65A /* ArtistMediaTableViewController.swift */; };
		41CFD7EA2416238400727CD9 /* ArtistMediaViewModelTest.swift in Sources */ = {isa = PBXBuildFile; fileRef = 41CFD7E92416238400727CD9 /* ArtistMediaViewModelTest.swift */; };
		41CFD7F7241631C500727CD9 /* ArtistMediaModelTest.swift in Sources */ = {isa = PBXBuildFile; fileRef = 41CFD7F6241631C500727CD9 /* ArtistMediaModelTest.swift */; };
		48A316DA3E50B34A56E13980 /* Pods_realwork.framework in Frameworks */ = {isa = PBXBuildFile; fileRef = F5F6501761EC1C00789BAEFB /* Pods_realwork.framework */; };
		7894437C9ACFD65D116FFEEF /* Pods_realworkTests.framework in Frameworks */ = {isa = PBXBuildFile; fileRef = 033D1587EA5C54417369F064 /* Pods_realworkTests.framework */; };
/* End PBXBuildFile section */

/* Begin PBXContainerItemProxy section */
		417C627C23E9A9B100CADC7E /* PBXContainerItemProxy */ = {
			isa = PBXContainerItemProxy;
			containerPortal = 417C625D23E9A9B100CADC7E /* Project object */;
			proxyType = 1;
			remoteGlobalIDString = 417C626423E9A9B100CADC7E;
			remoteInfo = realwork;
		};
/* End PBXContainerItemProxy section */

/* Begin PBXFileReference section */
		033D1587EA5C54417369F064 /* Pods_realworkTests.framework */ = {isa = PBXFileReference; explicitFileType = wrapper.framework; includeInIndex = 0; path = Pods_realworkTests.framework; sourceTree = BUILT_PRODUCTS_DIR; };
		1ED8F3DDABD60731B8454625 /* Pods-realworkTests.release.xcconfig */ = {isa = PBXFileReference; includeInIndex = 1; lastKnownFileType = text.xcconfig; name = "Pods-realworkTests.release.xcconfig"; path = "Target Support Files/Pods-realworkTests/Pods-realworkTests.release.xcconfig"; sourceTree = "<group>"; };
		251344B2652FDE6D496EE5B7 /* Pods-realworkTests.debug.xcconfig */ = {isa = PBXFileReference; includeInIndex = 1; lastKnownFileType = text.xcconfig; name = "Pods-realworkTests.debug.xcconfig"; path = "Target Support Files/Pods-realworkTests/Pods-realworkTests.debug.xcconfig"; sourceTree = "<group>"; };
		3B4F0F6214A032F89DF09A67 /* Pods-realwork.debug.xcconfig */ = {isa = PBXFileReference; includeInIndex = 1; lastKnownFileType = text.xcconfig; name = "Pods-realwork.debug.xcconfig"; path = "Target Support Files/Pods-realwork/Pods-realwork.debug.xcconfig"; sourceTree = "<group>"; };
		417C626523E9A9B100CADC7E /* realwork.app */ = {isa = PBXFileReference; explicitFileType = wrapper.application; includeInIndex = 0; path = realwork.app; sourceTree = BUILT_PRODUCTS_DIR; };
		417C626823E9A9B100CADC7E /* AppDelegate.swift */ = {isa = PBXFileReference; lastKnownFileType = sourcecode.swift; path = AppDelegate.swift; sourceTree = "<group>"; };
		417C626A23E9A9B100CADC7E /* SceneDelegate.swift */ = {isa = PBXFileReference; lastKnownFileType = sourcecode.swift; path = SceneDelegate.swift; sourceTree = "<group>"; };
		417C626C23E9A9B100CADC7E /* ViewController.swift */ = {isa = PBXFileReference; lastKnownFileType = sourcecode.swift; path = ViewController.swift; sourceTree = "<group>"; };
		417C626F23E9A9B100CADC7E /* Base */ = {isa = PBXFileReference; lastKnownFileType = file.storyboard; name = Base; path = Base.lproj/Main.storyboard; sourceTree = "<group>"; };
		417C627123E9A9B100CADC7E /* Assets.xcassets */ = {isa = PBXFileReference; lastKnownFileType = folder.assetcatalog; path = Assets.xcassets; sourceTree = "<group>"; };
		417C627423E9A9B100CADC7E /* Base */ = {isa = PBXFileReference; lastKnownFileType = file.storyboard; name = Base; path = Base.lproj/LaunchScreen.storyboard; sourceTree = "<group>"; };
		417C627623E9A9B100CADC7E /* Info.plist */ = {isa = PBXFileReference; lastKnownFileType = text.plist.xml; path = Info.plist; sourceTree = "<group>"; };
		417C627B23E9A9B100CADC7E /* realworkTests.xctest */ = {isa = PBXFileReference; explicitFileType = wrapper.cfbundle; includeInIndex = 0; path = realworkTests.xctest; sourceTree = BUILT_PRODUCTS_DIR; };
		417C627F23E9A9B100CADC7E /* realworkTests.swift */ = {isa = PBXFileReference; lastKnownFileType = sourcecode.swift; path = realworkTests.swift; sourceTree = "<group>"; };
		417C628123E9A9B100CADC7E /* Info.plist */ = {isa = PBXFileReference; lastKnownFileType = text.plist.xml; path = Info.plist; sourceTree = "<group>"; };
		417C628A23EC10BF00CADC7E /* DesignableView.swift */ = {isa = PBXFileReference; lastKnownFileType = sourcecode.swift; path = DesignableView.swift; sourceTree = "<group>"; };
		417C628E23F1434A00CADC7E /* UIViewController+Extensions.swift */ = {isa = PBXFileReference; lastKnownFileType = sourcecode.swift; path = "UIViewController+Extensions.swift"; sourceTree = "<group>"; };
		41901A5223FE6CE200938CD4 /* TableCell.swift */ = {isa = PBXFileReference; lastKnownFileType = sourcecode.swift; path = TableCell.swift; sourceTree = "<group>"; };
		41AFDBB224127E0A006393AE /* ArtistMediaRepoTest.swift */ = {isa = PBXFileReference; lastKnownFileType = sourcecode.swift; path = ArtistMediaRepoTest.swift; sourceTree = "<group>"; };
		41B49C95241D52D300A3E1F3 /* repoResponse1.json */ = {isa = PBXFileReference; fileEncoding = 4; lastKnownFileType = text.json; path = repoResponse1.json; sourceTree = "<group>"; };
		41CC20E023FD184100FDC65A /* ArtistMediaTableViewController.swift */ = {isa = PBXFileReference; lastKnownFileType = sourcecode.swift; path = ArtistMediaTableViewController.swift; sourceTree = "<group>"; };
		41CFD7E92416238400727CD9 /* ArtistMediaViewModelTest.swift */ = {isa = PBXFileReference; lastKnownFileType = sourcecode.swift; path = ArtistMediaViewModelTest.swift; sourceTree = "<group>"; };
		41CFD7F6241631C500727CD9 /* ArtistMediaModelTest.swift */ = {isa = PBXFileReference; lastKnownFileType = sourcecode.swift; path = ArtistMediaModelTest.swift; sourceTree = "<group>"; };
		BA7FC6C200CFC4AB8B315998 /* Pods-realwork.release.xcconfig */ = {isa = PBXFileReference; includeInIndex = 1; lastKnownFileType = text.xcconfig; name = "Pods-realwork.release.xcconfig"; path = "Target Support Files/Pods-realwork/Pods-realwork.release.xcconfig"; sourceTree = "<group>"; };
		F5F6501761EC1C00789BAEFB /* Pods_realwork.framework */ = {isa = PBXFileReference; explicitFileType = wrapper.framework; includeInIndex = 0; path = Pods_realwork.framework; sourceTree = BUILT_PRODUCTS_DIR; };
/* End PBXFileReference section */

/* Begin PBXFrameworksBuildPhase section */
		417C626223E9A9B100CADC7E /* Frameworks */ = {
			isa = PBXFrameworksBuildPhase;
			buildActionMask = 2147483647;
			files = (
				48A316DA3E50B34A56E13980 /* Pods_realwork.framework in Frameworks */,
			);
			runOnlyForDeploymentPostprocessing = 0;
		};
		417C627823E9A9B100CADC7E /* Frameworks */ = {
			isa = PBXFrameworksBuildPhase;
			buildActionMask = 2147483647;
			files = (
				7894437C9ACFD65D116FFEEF /* Pods_realworkTests.framework in Frameworks */,
			);
			runOnlyForDeploymentPostprocessing = 0;
		};
/* End PBXFrameworksBuildPhase section */

/* Begin PBXGroup section */
		1BFCC561EFEFC7D0B129DD16 /* Pods */ = {
			isa = PBXGroup;
			children = (
				3B4F0F6214A032F89DF09A67 /* Pods-realwork.debug.xcconfig */,
				BA7FC6C200CFC4AB8B315998 /* Pods-realwork.release.xcconfig */,
				251344B2652FDE6D496EE5B7 /* Pods-realworkTests.debug.xcconfig */,
				1ED8F3DDABD60731B8454625 /* Pods-realworkTests.release.xcconfig */,
			);
			path = Pods;
			sourceTree = "<group>";
		};
		417C625C23E9A9B100CADC7E = {
			isa = PBXGroup;
			children = (
				41B49C95241D52D300A3E1F3 /* repoResponse1.json */,
				417C626723E9A9B100CADC7E /* realwork */,
				417C627E23E9A9B100CADC7E /* realworkTests */,
				417C626623E9A9B100CADC7E /* Products */,
				1BFCC561EFEFC7D0B129DD16 /* Pods */,
				A7CF5EA9258C7D2F754FC35A /* Frameworks */,
			);
			sourceTree = "<group>";
		};
		417C626623E9A9B100CADC7E /* Products */ = {
			isa = PBXGroup;
			children = (
				417C626523E9A9B100CADC7E /* realwork.app */,
				417C627B23E9A9B100CADC7E /* realworkTests.xctest */,
			);
			name = Products;
			sourceTree = "<group>";
		};
		417C626723E9A9B100CADC7E /* realwork */ = {
			isa = PBXGroup;
			children = (
				417C626823E9A9B100CADC7E /* AppDelegate.swift */,
				417C626A23E9A9B100CADC7E /* SceneDelegate.swift */,
				417C626C23E9A9B100CADC7E /* ViewController.swift */,
				417C626E23E9A9B100CADC7E /* Main.storyboard */,
				417C627123E9A9B100CADC7E /* Assets.xcassets */,
				417C627323E9A9B100CADC7E /* LaunchScreen.storyboard */,
				417C627623E9A9B100CADC7E /* Info.plist */,
				417C628A23EC10BF00CADC7E /* DesignableView.swift */,
				417C628E23F1434A00CADC7E /* UIViewController+Extensions.swift */,
				41CC20E023FD184100FDC65A /* ArtistMediaTableViewController.swift */,
				41901A5223FE6CE200938CD4 /* TableCell.swift */,
			);
			path = realwork;
			sourceTree = "<group>";
		};
		417C627E23E9A9B100CADC7E /* realworkTests */ = {
			isa = PBXGroup;
			children = (
				41AFDBB024127DC3006393AE /* ArtistMedia */,
				417C627F23E9A9B100CADC7E /* realworkTests.swift */,
				417C628123E9A9B100CADC7E /* Info.plist */,
			);
			path = realworkTests;
			sourceTree = "<group>";
		};
		41AFDBB024127DC3006393AE /* ArtistMedia */ = {
			isa = PBXGroup;
			children = (
				41CFD7E82416235900727CD9 /* ArtistMediaViewModelTest */,
				41AFDBB124127DD2006393AE /* ArtistMediaModelTest */,
			);
			path = ArtistMedia;
			sourceTree = "<group>";
		};
		41AFDBB124127DD2006393AE /* ArtistMediaModelTest */ = {
			isa = PBXGroup;
			children = (
				41AFDBB224127E0A006393AE /* ArtistMediaRepoTest.swift */,
				41CFD7F6241631C500727CD9 /* ArtistMediaModelTest.swift */,
			);
			path = ArtistMediaModelTest;
			sourceTree = "<group>";
		};
		41CFD7E82416235900727CD9 /* ArtistMediaViewModelTest */ = {
			isa = PBXGroup;
			children = (
				41CFD7E92416238400727CD9 /* ArtistMediaViewModelTest.swift */,
			);
			path = ArtistMediaViewModelTest;
			sourceTree = "<group>";
		};
		A7CF5EA9258C7D2F754FC35A /* Frameworks */ = {
			isa = PBXGroup;
			children = (
				F5F6501761EC1C00789BAEFB /* Pods_realwork.framework */,
				033D1587EA5C54417369F064 /* Pods_realworkTests.framework */,
			);
			name = Frameworks;
			sourceTree = "<group>";
		};
/* End PBXGroup section */

/* Begin PBXNativeTarget section */
		417C626423E9A9B100CADC7E /* realwork */ = {
			isa = PBXNativeTarget;
			buildConfigurationList = 417C628423E9A9B100CADC7E /* Build configuration list for PBXNativeTarget "realwork" */;
			buildPhases = (
				BFA62331566446614314AC47 /* [CP] Check Pods Manifest.lock */,
				417C626123E9A9B100CADC7E /* Sources */,
				417C626223E9A9B100CADC7E /* Frameworks */,
				417C626323E9A9B100CADC7E /* Resources */,
				417C62E023F3D57300CADC7E /* ShellScript */,
				2BE2CD9CEEDD02326F9CAA58 /* [CP] Embed Pods Frameworks */,
			);
			buildRules = (
			);
			dependencies = (
			);
			name = realwork;
			productName = realwork;
			productReference = 417C626523E9A9B100CADC7E /* realwork.app */;
			productType = "com.apple.product-type.application";
		};
		417C627A23E9A9B100CADC7E /* realworkTests */ = {
			isa = PBXNativeTarget;
			buildConfigurationList = 417C628723E9A9B100CADC7E /* Build configuration list for PBXNativeTarget "realworkTests" */;
			buildPhases = (
				8391A6174C69D2D7889FC448 /* [CP] Check Pods Manifest.lock */,
				417C627723E9A9B100CADC7E /* Sources */,
				417C627823E9A9B100CADC7E /* Frameworks */,
				417C627923E9A9B100CADC7E /* Resources */,
			);
			buildRules = (
			);
			dependencies = (
				417C627D23E9A9B100CADC7E /* PBXTargetDependency */,
			);
			name = realworkTests;
			productName = realworkTests;
			productReference = 417C627B23E9A9B100CADC7E /* realworkTests.xctest */;
			productType = "com.apple.product-type.bundle.unit-test";
		};
/* End PBXNativeTarget section */

/* Begin PBXProject section */
		417C625D23E9A9B100CADC7E /* Project object */ = {
			isa = PBXProject;
			attributes = {
				LastSwiftUpdateCheck = 1130;
				LastUpgradeCheck = 1130;
				ORGANIZATIONNAME = "Nathan Ngobale";
				TargetAttributes = {
					417C626423E9A9B100CADC7E = {
						CreatedOnToolsVersion = 11.3.1;
					};
					417C627A23E9A9B100CADC7E = {
						CreatedOnToolsVersion = 11.3.1;
						TestTargetID = 417C626423E9A9B100CADC7E;
					};
				};
			};
			buildConfigurationList = 417C626023E9A9B100CADC7E /* Build configuration list for PBXProject "realwork" */;
			compatibilityVersion = "Xcode 9.3";
			developmentRegion = en;
			hasScannedForEncodings = 0;
			knownRegions = (
				en,
				Base,
			);
			mainGroup = 417C625C23E9A9B100CADC7E;
			productRefGroup = 417C626623E9A9B100CADC7E /* Products */;
			projectDirPath = "";
			projectRoot = "";
			targets = (
				417C626423E9A9B100CADC7E /* realwork */,
				417C627A23E9A9B100CADC7E /* realworkTests */,
			);
		};
/* End PBXProject section */

/* Begin PBXResourcesBuildPhase section */
		417C626323E9A9B100CADC7E /* Resources */ = {
			isa = PBXResourcesBuildPhase;
			buildActionMask = 2147483647;
			files = (
				41B49C96241D52D300A3E1F3 /* repoResponse1.json in Resources */,
				417C627523E9A9B100CADC7E /* LaunchScreen.storyboard in Resources */,
				417C627223E9A9B100CADC7E /* Assets.xcassets in Resources */,
				417C627023E9A9B100CADC7E /* Main.storyboard in Resources */,
			);
			runOnlyForDeploymentPostprocessing = 0;
		};
		417C627923E9A9B100CADC7E /* Resources */ = {
			isa = PBXResourcesBuildPhase;
			buildActionMask = 2147483647;
			files = (
			);
			runOnlyForDeploymentPostprocessing = 0;
		};
/* End PBXResourcesBuildPhase section */

/* Begin PBXShellScriptBuildPhase section */
		2BE2CD9CEEDD02326F9CAA58 /* [CP] Embed Pods Frameworks */ = {
			isa = PBXShellScriptBuildPhase;
			buildActionMask = 2147483647;
			files = (
			);
			inputFileListPaths = (
				"${PODS_ROOT}/Target Support Files/Pods-realwork/Pods-realwork-frameworks-${CONFIGURATION}-input-files.xcfilelist",
			);
			name = "[CP] Embed Pods Frameworks";
			outputFileListPaths = (
				"${PODS_ROOT}/Target Support Files/Pods-realwork/Pods-realwork-frameworks-${CONFIGURATION}-output-files.xcfilelist",
			);
			runOnlyForDeploymentPostprocessing = 0;
			shellPath = /bin/sh;
			shellScript = "\"${PODS_ROOT}/Target Support Files/Pods-realwork/Pods-realwork-frameworks.sh\"\n";
			showEnvVarsInLog = 0;
		};
		417C62E023F3D57300CADC7E /* ShellScript */ = {
			isa = PBXShellScriptBuildPhase;
			buildActionMask = 2147483647;
			files = (
			);
			inputFileListPaths = (
			);
			inputPaths = (
			);
			outputFileListPaths = (
			);
			outputPaths = (
			);
			runOnlyForDeploymentPostprocessing = 0;
			shellPath = /bin/sh;
			shellScript = "# Type a script or drag a script file from your workspace to insert its path.\nif which swiftlint >/dev/null; then\n  swiftlint\nelse\n  echo \"warning: SwiftLint not installed, download from https://github.com/realm/SwiftLint\"\nfi\n";
		};
		8391A6174C69D2D7889FC448 /* [CP] Check Pods Manifest.lock */ = {
			isa = PBXShellScriptBuildPhase;
			buildActionMask = 2147483647;
			files = (
			);
			inputFileListPaths = (
			);
			inputPaths = (
				"${PODS_PODFILE_DIR_PATH}/Podfile.lock",
				"${PODS_ROOT}/Manifest.lock",
			);
			name = "[CP] Check Pods Manifest.lock";
			outputFileListPaths = (
			);
			outputPaths = (
				"$(DERIVED_FILE_DIR)/Pods-realworkTests-checkManifestLockResult.txt",
			);
			runOnlyForDeploymentPostprocessing = 0;
			shellPath = /bin/sh;
			shellScript = "diff \"${PODS_PODFILE_DIR_PATH}/Podfile.lock\" \"${PODS_ROOT}/Manifest.lock\" > /dev/null\nif [ $? != 0 ] ; then\n    # print error to STDERR\n    echo \"error: The sandbox is not in sync with the Podfile.lock. Run 'pod install' or update your CocoaPods installation.\" >&2\n    exit 1\nfi\n# This output is used by Xcode 'outputs' to avoid re-running this script phase.\necho \"SUCCESS\" > \"${SCRIPT_OUTPUT_FILE_0}\"\n";
			showEnvVarsInLog = 0;
		};
		BFA62331566446614314AC47 /* [CP] Check Pods Manifest.lock */ = {
			isa = PBXShellScriptBuildPhase;
			buildActionMask = 2147483647;
			files = (
			);
			inputFileListPaths = (
			);
			inputPaths = (
				"${PODS_PODFILE_DIR_PATH}/Podfile.lock",
				"${PODS_ROOT}/Manifest.lock",
			);
			name = "[CP] Check Pods Manifest.lock";
			outputFileListPaths = (
			);
			outputPaths = (
				"$(DERIVED_FILE_DIR)/Pods-realwork-checkManifestLockResult.txt",
			);
			runOnlyForDeploymentPostprocessing = 0;
			shellPath = /bin/sh;
			shellScript = "diff \"${PODS_PODFILE_DIR_PATH}/Podfile.lock\" \"${PODS_ROOT}/Manifest.lock\" > /dev/null\nif [ $? != 0 ] ; then\n    # print error to STDERR\n    echo \"error: The sandbox is not in sync with the Podfile.lock. Run 'pod install' or update your CocoaPods installation.\" >&2\n    exit 1\nfi\n# This output is used by Xcode 'outputs' to avoid re-running this script phase.\necho \"SUCCESS\" > \"${SCRIPT_OUTPUT_FILE_0}\"\n";
			showEnvVarsInLog = 0;
		};
/* End PBXShellScriptBuildPhase section */

/* Begin PBXSourcesBuildPhase section */
		417C626123E9A9B100CADC7E /* Sources */ = {
			isa = PBXSourcesBuildPhase;
			buildActionMask = 2147483647;
			files = (
				41901A5323FE6CE200938CD4 /* TableCell.swift in Sources */,
				417C628B23EC10BF00CADC7E /* DesignableView.swift in Sources */,
				417C626D23E9A9B100CADC7E /* ViewController.swift in Sources */,
				417C628F23F1434A00CADC7E /* UIViewController+Extensions.swift in Sources */,
				41CC20E123FD184100FDC65A /* ArtistMediaTableViewController.swift in Sources */,
				417C626923E9A9B100CADC7E /* AppDelegate.swift in Sources */,
				417C626B23E9A9B100CADC7E /* SceneDelegate.swift in Sources */,
			);
			runOnlyForDeploymentPostprocessing = 0;
		};
		417C627723E9A9B100CADC7E /* Sources */ = {
			isa = PBXSourcesBuildPhase;
			buildActionMask = 2147483647;
			files = (
				417C628023E9A9B100CADC7E /* realworkTests.swift in Sources */,
				41CFD7F7241631C500727CD9 /* ArtistMediaModelTest.swift in Sources */,
				41CFD7EA2416238400727CD9 /* ArtistMediaViewModelTest.swift in Sources */,
				41AFDBB324127E0A006393AE /* ArtistMediaRepoTest.swift in Sources */,
			);
			runOnlyForDeploymentPostprocessing = 0;
		};
/* End PBXSourcesBuildPhase section */

/* Begin PBXTargetDependency section */
		417C627D23E9A9B100CADC7E /* PBXTargetDependency */ = {
			isa = PBXTargetDependency;
			target = 417C626423E9A9B100CADC7E /* realwork */;
			targetProxy = 417C627C23E9A9B100CADC7E /* PBXContainerItemProxy */;
		};
/* End PBXTargetDependency section */

/* Begin PBXVariantGroup section */
		417C626E23E9A9B100CADC7E /* Main.storyboard */ = {
			isa = PBXVariantGroup;
			children = (
				417C626F23E9A9B100CADC7E /* Base */,
			);
			name = Main.storyboard;
			sourceTree = "<group>";
		};
		417C627323E9A9B100CADC7E /* LaunchScreen.storyboard */ = {
			isa = PBXVariantGroup;
			children = (
				417C627423E9A9B100CADC7E /* Base */,
			);
			name = LaunchScreen.storyboard;
			sourceTree = "<group>";
		};
/* End PBXVariantGroup section */

/* Begin XCBuildConfiguration section */
		417C628223E9A9B100CADC7E /* Debug */ = {
			isa = XCBuildConfiguration;
			buildSettings = {
				ALWAYS_SEARCH_USER_PATHS = NO;
				CLANG_ANALYZER_NONNULL = YES;
				CLANG_ANALYZER_NUMBER_OBJECT_CONVERSION = YES_AGGRESSIVE;
				CLANG_CXX_LANGUAGE_STANDARD = "gnu++14";
				CLANG_CXX_LIBRARY = "libc++";
				CLANG_ENABLE_MODULES = YES;
				CLANG_ENABLE_OBJC_ARC = YES;
				CLANG_ENABLE_OBJC_WEAK = YES;
				CLANG_WARN_BLOCK_CAPTURE_AUTORELEASING = YES;
				CLANG_WARN_BOOL_CONVERSION = YES;
				CLANG_WARN_COMMA = YES;
				CLANG_WARN_CONSTANT_CONVERSION = YES;
				CLANG_WARN_DEPRECATED_OBJC_IMPLEMENTATIONS = YES;
				CLANG_WARN_DIRECT_OBJC_ISA_USAGE = YES_ERROR;
				CLANG_WARN_DOCUMENTATION_COMMENTS = YES;
				CLANG_WARN_EMPTY_BODY = YES;
				CLANG_WARN_ENUM_CONVERSION = YES;
				CLANG_WARN_INFINITE_RECURSION = YES;
				CLANG_WARN_INT_CONVERSION = YES;
				CLANG_WARN_NON_LITERAL_NULL_CONVERSION = YES;
				CLANG_WARN_OBJC_IMPLICIT_RETAIN_SELF = YES;
				CLANG_WARN_OBJC_LITERAL_CONVERSION = YES;
				CLANG_WARN_OBJC_ROOT_CLASS = YES_ERROR;
				CLANG_WARN_RANGE_LOOP_ANALYSIS = YES;
				CLANG_WARN_STRICT_PROTOTYPES = YES;
				CLANG_WARN_SUSPICIOUS_MOVE = YES;
				CLANG_WARN_UNGUARDED_AVAILABILITY = YES_AGGRESSIVE;
				CLANG_WARN_UNREACHABLE_CODE = YES;
				CLANG_WARN__DUPLICATE_METHOD_MATCH = YES;
				COPY_PHASE_STRIP = NO;
				DEBUG_INFORMATION_FORMAT = dwarf;
				ENABLE_STRICT_OBJC_MSGSEND = YES;
				ENABLE_TESTABILITY = YES;
				GCC_C_LANGUAGE_STANDARD = gnu11;
				GCC_DYNAMIC_NO_PIC = NO;
				GCC_NO_COMMON_BLOCKS = YES;
				GCC_OPTIMIZATION_LEVEL = 0;
				GCC_PREPROCESSOR_DEFINITIONS = (
					"DEBUG=1",
					"$(inherited)",
				);
				GCC_WARN_64_TO_32_BIT_CONVERSION = YES;
				GCC_WARN_ABOUT_RETURN_TYPE = YES_ERROR;
				GCC_WARN_UNDECLARED_SELECTOR = YES;
				GCC_WARN_UNINITIALIZED_AUTOS = YES_AGGRESSIVE;
				GCC_WARN_UNUSED_FUNCTION = YES;
				GCC_WARN_UNUSED_VARIABLE = YES;
				IPHONEOS_DEPLOYMENT_TARGET = 13.2;
				MTL_ENABLE_DEBUG_INFO = INCLUDE_SOURCE;
				MTL_FAST_MATH = YES;
				ONLY_ACTIVE_ARCH = YES;
				SDKROOT = iphoneos;
				SWIFT_ACTIVE_COMPILATION_CONDITIONS = DEBUG;
				SWIFT_OPTIMIZATION_LEVEL = "-Onone";
			};
			name = Debug;
		};
		417C628323E9A9B100CADC7E /* Release */ = {
			isa = XCBuildConfiguration;
			buildSettings = {
				ALWAYS_SEARCH_USER_PATHS = NO;
				CLANG_ANALYZER_NONNULL = YES;
				CLANG_ANALYZER_NUMBER_OBJECT_CONVERSION = YES_AGGRESSIVE;
				CLANG_CXX_LANGUAGE_STANDARD = "gnu++14";
				CLANG_CXX_LIBRARY = "libc++";
				CLANG_ENABLE_MODULES = YES;
				CLANG_ENABLE_OBJC_ARC = YES;
				CLANG_ENABLE_OBJC_WEAK = YES;
				CLANG_WARN_BLOCK_CAPTURE_AUTORELEASING = YES;
				CLANG_WARN_BOOL_CONVERSION = YES;
				CLANG_WARN_COMMA = YES;
				CLANG_WARN_CONSTANT_CONVERSION = YES;
				CLANG_WARN_DEPRECATED_OBJC_IMPLEMENTATIONS = YES;
				CLANG_WARN_DIRECT_OBJC_ISA_USAGE = YES_ERROR;
				CLANG_WARN_DOCUMENTATION_COMMENTS = YES;
				CLANG_WARN_EMPTY_BODY = YES;
				CLANG_WARN_ENUM_CONVERSION = YES;
				CLANG_WARN_INFINITE_RECURSION = YES;
				CLANG_WARN_INT_CONVERSION = YES;
				CLANG_WARN_NON_LITERAL_NULL_CONVERSION = YES;
				CLANG_WARN_OBJC_IMPLICIT_RETAIN_SELF = YES;
				CLANG_WARN_OBJC_LITERAL_CONVERSION = YES;
				CLANG_WARN_OBJC_ROOT_CLASS = YES_ERROR;
				CLANG_WARN_RANGE_LOOP_ANALYSIS = YES;
				CLANG_WARN_STRICT_PROTOTYPES = YES;
				CLANG_WARN_SUSPICIOUS_MOVE = YES;
				CLANG_WARN_UNGUARDED_AVAILABILITY = YES_AGGRESSIVE;
				CLANG_WARN_UNREACHABLE_CODE = YES;
				CLANG_WARN__DUPLICATE_METHOD_MATCH = YES;
				COPY_PHASE_STRIP = NO;
				DEBUG_INFORMATION_FORMAT = "dwarf-with-dsym";
				ENABLE_NS_ASSERTIONS = NO;
				ENABLE_STRICT_OBJC_MSGSEND = YES;
				GCC_C_LANGUAGE_STANDARD = gnu11;
				GCC_NO_COMMON_BLOCKS = YES;
				GCC_WARN_64_TO_32_BIT_CONVERSION = YES;
				GCC_WARN_ABOUT_RETURN_TYPE = YES_ERROR;
				GCC_WARN_UNDECLARED_SELECTOR = YES;
				GCC_WARN_UNINITIALIZED_AUTOS = YES_AGGRESSIVE;
				GCC_WARN_UNUSED_FUNCTION = YES;
				GCC_WARN_UNUSED_VARIABLE = YES;
				IPHONEOS_DEPLOYMENT_TARGET = 13.2;
				MTL_ENABLE_DEBUG_INFO = NO;
				MTL_FAST_MATH = YES;
				SDKROOT = iphoneos;
				SWIFT_COMPILATION_MODE = wholemodule;
				SWIFT_OPTIMIZATION_LEVEL = "-O";
				VALIDATE_PRODUCT = YES;
			};
			name = Release;
		};
		417C628523E9A9B100CADC7E /* Debug */ = {
			isa = XCBuildConfiguration;
			baseConfigurationReference = 3B4F0F6214A032F89DF09A67 /* Pods-realwork.debug.xcconfig */;
			buildSettings = {
				ASSETCATALOG_COMPILER_APPICON_NAME = AppIcon;
				CODE_SIGN_STYLE = Automatic;
				INFOPLIST_FILE = realwork/Info.plist;
				LD_RUNPATH_SEARCH_PATHS = (
					"$(inherited)",
					"@executable_path/Frameworks",
				);
				PRODUCT_BUNDLE_IDENTIFIER = za.co.dvt.jhb.realwork;
				PRODUCT_NAME = "$(TARGET_NAME)";
				SWIFT_VERSION = 5.0;
				TARGETED_DEVICE_FAMILY = "1,2";
			};
			name = Debug;
		};
		417C628623E9A9B100CADC7E /* Release */ = {
			isa = XCBuildConfiguration;
			baseConfigurationReference = BA7FC6C200CFC4AB8B315998 /* Pods-realwork.release.xcconfig */;
			buildSettings = {
				ASSETCATALOG_COMPILER_APPICON_NAME = AppIcon;
				CODE_SIGN_STYLE = Automatic;
				INFOPLIST_FILE = realwork/Info.plist;
				LD_RUNPATH_SEARCH_PATHS = (
					"$(inherited)",
					"@executable_path/Frameworks",
				);
				PRODUCT_BUNDLE_IDENTIFIER = za.co.dvt.jhb.realwork;
				PRODUCT_NAME = "$(TARGET_NAME)";
				SWIFT_VERSION = 5.0;
				TARGETED_DEVICE_FAMILY = "1,2";
			};
			name = Release;
		};
		417C628823E9A9B100CADC7E /* Debug */ = {
			isa = XCBuildConfiguration;
			baseConfigurationReference = 251344B2652FDE6D496EE5B7 /* Pods-realworkTests.debug.xcconfig */;
			buildSettings = {
				ALWAYS_EMBED_SWIFT_STANDARD_LIBRARIES = YES;
				BUNDLE_LOADER = "$(TEST_HOST)";
				CODE_SIGN_STYLE = Automatic;
				INFOPLIST_FILE = realworkTests/Info.plist;
				IPHONEOS_DEPLOYMENT_TARGET = 13.2;
				LD_RUNPATH_SEARCH_PATHS = (
					"$(inherited)",
					"@executable_path/Frameworks",
					"@loader_path/Frameworks",
				);
				PRODUCT_BUNDLE_IDENTIFIER = za.co.dvt.jhb.realworkTests;
				PRODUCT_NAME = "$(TARGET_NAME)";
				SWIFT_VERSION = 5.0;
				TARGETED_DEVICE_FAMILY = "1,2";
				TEST_HOST = "$(BUILT_PRODUCTS_DIR)/realwork.app/realwork";
			};
			name = Debug;
		};
		417C628923E9A9B100CADC7E /* Release */ = {
			isa = XCBuildConfiguration;
			baseConfigurationReference = 1ED8F3DDABD60731B8454625 /* Pods-realworkTests.release.xcconfig */;
			buildSettings = {
				ALWAYS_EMBED_SWIFT_STANDARD_LIBRARIES = YES;
				BUNDLE_LOADER = "$(TEST_HOST)";
				CODE_SIGN_STYLE = Automatic;
				INFOPLIST_FILE = realworkTests/Info.plist;
				IPHONEOS_DEPLOYMENT_TARGET = 13.2;
				LD_RUNPATH_SEARCH_PATHS = (
					"$(inherited)",
					"@executable_path/Frameworks",
					"@loader_path/Frameworks",
				);
				PRODUCT_BUNDLE_IDENTIFIER = za.co.dvt.jhb.realworkTests;
				PRODUCT_NAME = "$(TARGET_NAME)";
				SWIFT_VERSION = 5.0;
				TARGETED_DEVICE_FAMILY = "1,2";
				TEST_HOST = "$(BUILT_PRODUCTS_DIR)/realwork.app/realwork";
			};
			name = Release;
		};
/* End XCBuildConfiguration section */

/* Begin XCConfigurationList section */
		417C626023E9A9B100CADC7E /* Build configuration list for PBXProject "realwork" */ = {
			isa = XCConfigurationList;
			buildConfigurations = (
				417C628223E9A9B100CADC7E /* Debug */,
				417C628323E9A9B100CADC7E /* Release */,
			);
			defaultConfigurationIsVisible = 0;
			defaultConfigurationName = Release;
		};
		417C628423E9A9B100CADC7E /* Build configuration list for PBXNativeTarget "realwork" */ = {
			isa = XCConfigurationList;
			buildConfigurations = (
				417C628523E9A9B100CADC7E /* Debug */,
				417C628623E9A9B100CADC7E /* Release */,
			);
			defaultConfigurationIsVisible = 0;
			defaultConfigurationName = Release;
		};
		417C628723E9A9B100CADC7E /* Build configuration list for PBXNativeTarget "realworkTests" */ = {
			isa = XCConfigurationList;
			buildConfigurations = (
				417C628823E9A9B100CADC7E /* Debug */,
				417C628923E9A9B100CADC7E /* Release */,
			);
			defaultConfigurationIsVisible = 0;
			defaultConfigurationName = Release;
		};
/* End XCConfigurationList section */
	};
	rootObject = 417C625D23E9A9B100CADC7E /* Project object */;
}
